{
	"name": "@ludorum/game-bahab",
	"version": "0.1.0-alpha",
	"lockfileVersion": 2,
	"requires": true,
	"packages": {
		"": {
			"name": "@ludorum/game-bahab",
			"version": "0.1.0-alpha",
			"license": "MIT",
			"devDependencies": {
				"sermat": "~0.1.1"
			}
		},
		"node_modules/sermat": {
			"version": "0.1.1",
			"resolved": "https://registry.npmjs.org/sermat/-/sermat-0.1.1.tgz",
			"integrity": "sha512-wwL9siNwV5mGED2RQDW1MratzESSm4c1d8o/NGdJUGjWydfYNfC6hlDXIlmLD1aKUgCi88N7GiQ00AWbZB0rlw==",
			"dev": true
		}
	},
	"dependencies": {
		"sermat": {
			"version": "0.1.1",
			"resolved": "https://registry.npmjs.org/sermat/-/sermat-0.1.1.tgz",
			"integrity": "sha512-wwL9siNwV5mGED2RQDW1MratzESSm4c1d8o/NGdJUGjWydfYNfC6hlDXIlmLD1aKUgCi88N7GiQ00AWbZB0rlw==",
			"dev": true
		}
	}
}
